
Microsoft Visual Studio Solution File, Format Version 12.00
# Visual Studio Version 16
VisualStudioVersion = 16.0.30309.148
MinimumVisualStudioVersion = 10.0.40219.1
Project("{FAE04EC0-301F-11D3-BF4B-00C04F79EFBC}") = "WrapSQLBase", "WrapSQLBase\WrapSQLBase.csproj", "{FB4A93EE-66CE-42DC-AF8A-07CD983837B5}"
EndProject
Project("{FAE04EC0-301F-11D3-BF4B-00C04F79EFBC}") = "WrapMySQL", "WrapMySQL\WrapMySQL.csproj", "{408F9919-54D8-4FD5-B18C-8D5D94AD1C8F}"
EndProject
Project("{FAE04EC0-301F-11D3-BF4B-00C04F79EFBC}") = "UnitTestWrapSQL", "UnitTestWrapSQL\UnitTestWrapSQL.csproj", "{CE7B1640-BEDE-4D63-A040-3F16F54C81CA}"
EndProject
Global
	GlobalSection(SolutionConfigurationPlatforms) = preSolution
		Debug|Any CPU = Debug|Any CPU
		Release|Any CPU = Release|Any CPU
	EndGlobalSection
	GlobalSection(ProjectConfigurationPlatforms) = postSolution
		{FB4A93EE-66CE-42DC-AF8A-07CD983837B5}.Debug|Any CPU.ActiveCfg = Debug|Any CPU
		{FB4A93EE-66CE-42DC-AF8A-07CD983837B5}.Debug|Any CPU.Build.0 = Debug|Any CPU
		{FB4A93EE-66CE-42DC-AF8A-07CD983837B5}.Release|Any CPU.ActiveCfg = Release|Any CPU
		{FB4A93EE-66CE-42DC-AF8A-07CD983837B5}.Release|Any CPU.Build.0 = Release|Any CPU
		{408F9919-54D8-4FD5-B18C-8D5D94AD1C8F}.Debug|Any CPU.ActiveCfg = Debug|Any CPU
		{408F9919-54D8-4FD5-B18C-8D5D94AD1C8F}.Debug|Any CPU.Build.0 = Debug|Any CPU
		{408F9919-54D8-4FD5-B18C-8D5D94AD1C8F}.Release|Any CPU.ActiveCfg = Release|Any CPU
		{408F9919-54D8-4FD5-B18C-8D5D94AD1C8F}.Release|Any CPU.Build.0 = Release|Any CPU
		{CE7B1640-BEDE-4D63-A040-3F16F54C81CA}.Debug|Any CPU.ActiveCfg = Debug|Any CPU
		{CE7B1640-BEDE-4D63-A040-3F16F54C81CA}.Debug|Any CPU.Build.0 = Debug|Any CPU
		{CE7B1640-BEDE-4D63-A040-3F16F54C81CA}.Release|Any CPU.ActiveCfg = Release|Any CPU
		{CE7B1640-BEDE-4D63-A040-3F16F54C81CA}.Release|Any CPU.Build.0 = Release|Any CPU
	EndGlobalSection
	GlobalSection(SolutionProperties) = preSolution
		HideSolutionNode = FALSE
	EndGlobalSection
	GlobalSection(ExtensibilityGlobals) = postSolution
		SolutionGuid = {7B3CF704-1D3E-4790-B4DE-98519D87F4DA}
	EndGlobalSection
EndGlobal
